
Microsoft Visual Studio Solution File, Format Version 12.00
# Visual Studio Version 17
VisualStudioVersion = 17.6.33801.468
MinimumVisualStudioVersion = 10.0.40219.1
Project("{FAE04EC0-301F-11D3-BF4B-00C04F79EFBC}") = "NetProgExam", "NetProgExam\NetProgExam.csproj", "{3895D43C-169F-41B8-A6E7-32BB4A93D9C9}"
EndProject
Global
	GlobalSection(SolutionConfigurationPlatforms) = preSolution
		Debug|Any CPU = Debug|Any CPU
		Release|Any CPU = Release|Any CPU
	EndGlobalSection
	GlobalSection(ProjectConfigurationPlatforms) = postSolution
		{3895D43C-169F-41B8-A6E7-32BB4A93D9C9}.Debug|Any CPU.ActiveCfg = Debug|Any CPU
		{3895D43C-169F-41B8-A6E7-32BB4A93D9C9}.Debug|Any CPU.Build.0 = Debug|Any CPU
		{3895D43C-169F-41B8-A6E7-32BB4A93D9C9}.Release|Any CPU.ActiveCfg = Release|Any CPU
		{3895D43C-169F-41B8-A6E7-32BB4A93D9C9}.Release|Any CPU.Build.0 = Release|Any CPU
	EndGlobalSection
	GlobalSection(SolutionProperties) = preSolution
		HideSolutionNode = FALSE
	EndGlobalSection
	GlobalSection(ExtensibilityGlobals) = postSolution
		SolutionGuid = {1D491DE0-A128-4513-BA19-18CEAA2509D0}
	EndGlobalSection
EndGlobal
